
Microsoft Visual Studio Solution File, Format Version 12.00
# Visual Studio Version 17
VisualStudioVersion = 17.5.33516.290
MinimumVisualStudioVersion = 10.0.40219.1
Project("{FAE04EC0-301F-11D3-BF4B-00C04F79EFBC}") = "alien invasion", "alien invasion\alien invasion.csproj", "{C104334D-F0B4-4A86-8B7F-E16362E29067}"
EndProject
Project("{2150E333-8FDC-42A3-9474-1A3956D46DE8}") = "Solution Items", "Solution Items", "{BE3A5048-ABBF-4D8E-BA6C-846BF0254518}"
EndProject
Global
	GlobalSection(SolutionConfigurationPlatforms) = preSolution
		Debug|Any CPU = Debug|Any CPU
		Release|Any CPU = Release|Any CPU
	EndGlobalSection
	GlobalSection(ProjectConfigurationPlatforms) = postSolution
		{C104334D-F0B4-4A86-8B7F-E16362E29067}.Debug|Any CPU.ActiveCfg = Debug|Any CPU
		{C104334D-F0B4-4A86-8B7F-E16362E29067}.Debug|Any CPU.Build.0 = Debug|Any CPU
		{C104334D-F0B4-4A86-8B7F-E16362E29067}.Release|Any CPU.ActiveCfg = Release|Any CPU
		{C104334D-F0B4-4A86-8B7F-E16362E29067}.Release|Any CPU.Build.0 = Release|Any CPU
	EndGlobalSection
	GlobalSection(SolutionProperties) = preSolution
		HideSolutionNode = FALSE
	EndGlobalSection
	GlobalSection(ExtensibilityGlobals) = postSolution
		SolutionGuid = {44A03AAC-EB40-4BB2-A5C9-BD6947E2DDD0}
	EndGlobalSection
EndGlobal
